lockfileVersion: 9.0

settings:
  autoInstallPeers: true

importers:
  .:
    dependencies:
      pkg-0:
        specifier: ^1.0.0
        version: 1.0.0(pkg-0@1.0.0)
      pkg-1:
        specifier: ^2.0.0
        version: 2.0.1(pkg-1@2.0.1)
      pkg-2:
        specifier: ^3.0.0
        version: 3.0.2(pkg-2@3.0.2)
      pkg-3:
        specifier: ^4.0.0
        version: 4.0.3(pkg-3@4.0.3)
      pkg-4:
        specifier: ^5.0.0
        version: 5.0.4(pkg-4@5.0.4)
      pkg-5:
        specifier: ^1.0.0
        version: 1.0.5(pkg-5@1.0.5)
      pkg-6:
        specifier: ^2.0.0
        version: 2.0.6(pkg-6@2.0.6)
      pkg-7:
        specifier: ^3.0.0
        version: 3.0.7(pkg-7@3.0.7)
      pkg-8:
        specifier: ^4.0.0
        version: 4.0.8(pkg-8@4.0.8)
      pkg-9:
        specifier: ^5.0.0
        version: 5.0.9(pkg-9@5.0.9)
      pkg-10:
        specifier: ^1.0.0
        version: 1.0.10(pkg-10@1.0.10)
      pkg-11:
        specifier: ^2.0.0
        version: 2.0.11(pkg-11@2.0.11)
      pkg-12:
        specifier: ^3.0.0
        version: 3.0.12(pkg-12@3.0.12)
      pkg-13:
        specifier: ^4.0.0
        version: 4.0.13(pkg-13@4.0.13)
      pkg-14:
        specifier: ^5.0.0
        version: 5.0.14(pkg-14@5.0.14)
      pkg-15:
        specifier: ^1.0.0
        version: 1.0.15(pkg-15@1.0.15)
      pkg-16:
        specifier: ^2.0.0
        version: 2.0.16(pkg-16@2.0.16)
      pkg-17:
        specifier: ^3.0.0
        version: 3.0.17(pkg-17@3.0.17)
      pkg-18:
        specifier: ^4.0.0
        version: 4.0.18(pkg-18@4.0.18)
      pkg-19:
        specifier: ^5.0.0
        version: 5.0.19(pkg-19@5.0.19)
      pkg-20:
        specifier: ^1.0.0
        version: 1.0.0(pkg-20@1.0.0)
      pkg-21:
        specifier: ^2.0.0
        version: 2.0.1(pkg-21@2.0.1)
      pkg-22:
        specifier: ^3.0.0
        version: 3.0.2(pkg-22@3.0.2)
      pkg-23:
        specifier: ^4.0.0
        version: 4.0.3(pkg-23@4.0.3)
      pkg-24:
        specifier: ^5.0.0
        version: 5.0.4(pkg-24@5.0.4)
      pkg-25:
        specifier: ^1.0.0
        version: 1.0.5(pkg-25@1.0.5)
      pkg-26:
        specifier: ^2.0.0
        version: 2.0.6(pkg-26@2.0.6)
      pkg-27:
        specifier: ^3.0.0
        version: 3.0.7(pkg-27@3.0.7)
      pkg-28:
        specifier: ^4.0.0
        version: 4.0.8(pkg-28@4.0.8)
      pkg-29:
        specifier: ^5.0.0
        version: 5.0.9(pkg-29@5.0.9)
      pkg-30:
        specifier: ^1.0.0
        version: 1.0.10(pkg-30@1.0.10)
      pkg-31:
        specifier: ^2.0.0
        version: 2.0.11(pkg-31@2.0.11)
      pkg-32:
        specifier: ^3.0.0
        version: 3.0.12(pkg-32@3.0.12)
      pkg-33:
        specifier: ^4.0.0
        version: 4.0.13(pkg-33@4.0.13)
      pkg-34:
        specifier: ^5.0.0
        version: 5.0.14(pkg-34@5.0.14)
      pkg-35:
        specifier: ^1.0.0
        version: 1.0.15(pkg-35@1.0.15)
      pkg-36:
        specifier: ^2.0.0
        version: 2.0.16(pkg-36@2.0.16)
      pkg-37:
        specifier: ^3.0.0
        version: 3.0.17(pkg-37@3.0.17)
      pkg-38:
        specifier: ^4.0.0
        version: 4.0.18(pkg-38@4.0.18)
      pkg-39:
        specifier: ^5.0.0
        version: 5.0.19(pkg-39@5.0.19)
      pkg-40:
        specifier: ^1.0.0
        version: 1.0.0(pkg-40@1.0.0)
      pkg-41:
        specifier: ^2.0.0
        version: 2.0.1(pkg-41@2.0.1)
      pkg-42:
        specifier: ^3.0.0
        version: 3.0.2(pkg-42@3.0.2)
      pkg-43:
        specifier: ^4.0.0
        version: 4.0.3(pkg-43@4.0.3)
      pkg-44:
        specifier: ^5.0.0
        version: 5.0.4(pkg-44@5.0.4)
      pkg-45:
        specifier: ^1.0.0
        version: 1.0.5(pkg-45@1.0.5)
      pkg-46:
        specifier: ^2.0.0
        version: 2.0.6(pkg-46@2.0.6)
      pkg-47:
        specifier: ^3.0.0
        version: 3.0.7(pkg-47@3.0.7)
      pkg-48:
        specifier: ^4.0.0
        version: 4.0.8(pkg-48@4.0.8)
      pkg-49:
        specifier: ^5.0.0
        version: 5.0.9(pkg-49@5.0.9)
      pkg-50:
        specifier: ^1.0.0
        version: 1.0.10(pkg-50@1.0.10)
      pkg-51:
        specifier: ^2.0.0
        version: 2.0.11(pkg-51@2.0.11)
      pkg-52:
        specifier: ^3.0.0
        version: 3.0.12(pkg-52@3.0.12)
      pkg-53:
        specifier: ^4.0.0
        version: 4.0.13(pkg-53@4.0.13)
      pkg-54:
        specifier: ^5.0.0
        version: 5.0.14(pkg-54@5.0.14)
      pkg-55:
        specifier: ^1.0.0
        version: 1.0.15(pkg-55@1.0.15)
      pkg-56:
        specifier: ^2.0.0
        version: 2.0.16(pkg-56@2.0.16)
      pkg-57:
        specifier: ^3.0.0
        version: 3.0.17(pkg-57@3.0.17)
      pkg-58:
        specifier: ^4.0.0
        version: 4.0.18(pkg-58@4.0.18)
      pkg-59:
        specifier: ^5.0.0
        version: 5.0.19(pkg-59@5.0.19)
      pkg-60:
        specifier: ^1.0.0
        version: 1.0.0(pkg-60@1.0.0)
      pkg-61:
        specifier: ^2.0.0
        version: 2.0.1(pkg-61@2.0.1)
      pkg-62:
        specifier: ^3.0.0
        version: 3.0.2(pkg-62@3.0.2)
      pkg-63:
        specifier: ^4.0.0
        version: 4.0.3(pkg-63@4.0.3)
      pkg-64:
        specifier: ^5.0.0
        version: 5.0.4(pkg-64@5.0.4)
      pkg-65:
        specifier: ^1.0.0
        version: 1.0.5(pkg-65@1.0.5)
      pkg-66:
        specifier: ^2.0.0
        version: 2.0.6(pkg-66@2.0.6)
      pkg-67:
        specifier: ^3.0.0
        version: 3.0.7(pkg-67@3.0.7)
      pkg-68:
        specifier: ^4.0.0
        version: 4.0.8(pkg-68@4.0.8)
      pkg-69:
        specifier: ^5.0.0
        version: 5.0.9(pkg-69@5.0.9)
      pkg-70:
        specifier: ^1.0.0
        version: 1.0.10(pkg-70@1.0.10)
      pkg-71:
        specifier: ^2.0.0
        version: 2.0.11(pkg-71@2.0.11)
      pkg-72:
        specifier: ^3.0.0
        version: 3.0.12(pkg-72@3.0.12)
      pkg-73:
        specifier: ^4.0.0
        version: 4.0.13(pkg-73@4.0.13)
      pkg-74:
        specifier: ^5.0.0
        version: 5.0.14(pkg-74@5.0.14)
      pkg-75:
        specifier: ^1.0.0
        version: 1.0.15(pkg-75@1.0.15)
      pkg-76:
        specifier: ^2.0.0
        version: 2.0.16(pkg-76@2.0.16)
      pkg-77:
        specifier: ^3.0.0
        version: 3.0.17(pkg-77@3.0.17)
      pkg-78:
        specifier: ^4.0.0
        version: 4.0.18(pkg-78@4.0.18)
      pkg-79:
        specifier: ^5.0.0
        version: 5.0.19(pkg-79@5.0.19)
      pkg-80:
        specifier: ^1.0.0
        version: 1.0.0(pkg-80@1.0.0)
      pkg-81:
        specifier: ^2.0.0
        version: 2.0.1(pkg-81@2.0.1)
      pkg-82:
        specifier: ^3.0.0
        version: 3.0.2(pkg-82@3.0.2)
      pkg-83:
        specifier: ^4.0.0
        version: 4.0.3(pkg-83@4.0.3)
      pkg-84:
        specifier: ^5.0.0
        version: 5.0.4(pkg-84@5.0.4)
      pkg-85:
        specifier: ^1.0.0
        version: 1.0.5(pkg-85@1.0.5)
      pkg-86:
        specifier: ^2.0.0
        version: 2.0.6(pkg-86@2.0.6)
      pkg-87:
        specifier: ^3.0.0
        version: 3.0.7(pkg-87@3.0.7)
      pkg-88:
        specifier: ^4.0.0
        version: 4.0.8(pkg-88@4.0.8)
      pkg-89:
        specifier: ^5.0.0
        version: 5.0.9(pkg-89@5.0.9)
      pkg-90:
        specifier: ^1.0.0
        version: 1.0.10(pkg-90@1.0.10)
      pkg-91:
        specifier: ^2.0.0
        version: 2.0.11(pkg-91@2.0.11)
      pkg-92:
        specifier: ^3.0.0
        version: 3.0.12(pkg-92@3.0.12)
      pkg-93:
        specifier: ^4.0.0
        version: 4.0.13(pkg-93@4.0.13)
      pkg-94:
        specifier: ^5.0.0
        version: 5.0.14(pkg-94@5.0.14)
      pkg-95:
        specifier: ^1.0.0
        version: 1.0.15(pkg-95@1.0.15)
      pkg-96:
        specifier: ^2.0.0
        version: 2.0.16(pkg-96@2.0.16)
      pkg-97:
        specifier: ^3.0.0
        version: 3.0.17(pkg-97@3.0.17)
      pkg-98:
        specifier: ^4.0.0
        version: 4.0.18(pkg-98@4.0.18)
      pkg-99:
        specifier: ^5.0.0
        version: 5.0.19(pkg-99@5.0.19)
      pkg-100:
        specifier: ^1.0.0
        version: 1.0.0(pkg-100@1.0.0)
      pkg-101:
        specifier: ^2.0.0
        version: 2.0.1(pkg-101@2.0.1)
      pkg-102:
        specifier: ^3.0.0
        version: 3.0.2(pkg-102@3.0.2)
      pkg-103:
        specifier: ^4.0.0
        version: 4.0.3(pkg-103@4.0.3)
      pkg-104:
        specifier: ^5.0.0
        version: 5.0.4(pkg-104@5.0.4)
      pkg-105:
        specifier: ^1.0.0
        version: 1.0.5(pkg-105@1.0.5)
      pkg-106:
        specifier: ^2.0.0
        version: 2.0.6(pkg-106@2.0.6)
      pkg-107:
        specifier: ^3.0.0
        version: 3.0.7(pkg-107@3.0.7)
      pkg-108:
        specifier: ^4.0.0
        version: 4.0.8(pkg-108@4.0.8)
      pkg-109:
        specifier: ^5.0.0
        version: 5.0.9(pkg-109@5.0.9)
      pkg-110:
        specifier: ^1.0.0
        version: 1.0.10(pkg-110@1.0.10)
      pkg-111:
        specifier: ^2.0.0
        version: 2.0.11(pkg-111@2.0.11)
      pkg-112:
        specifier: ^3.0.0
        version: 3.0.12(pkg-112@3.0.12)
      pkg-113:
        specifier: ^4.0.0
        version: 4.0.13(pkg-113@4.0.13)
      pkg-114:
        specifier: ^5.0.0
        version: 5.0.14(pkg-114@5.0.14)
      pkg-115:
        specifier: ^1.0.0
        version: 1.0.15(pkg-115@1.0.15)
      pkg-116:
        specifier: ^2.0.0
        version: 2.0.16(pkg-116@2.0.16)
      pkg-117:
        specifier: ^3.0.0
        version: 3.0.17(pkg-117@3.0.17)
      pkg-118:
        specifier: ^4.0.0
        version: 4.0.18(pkg-118@4.0.18)
      pkg-119:
        specifier: ^5.0.0
        version: 5.0.19(pkg-119@5.0.19)

packages:

  pkg-0@1.0.0:
    resolution: {integrity: sha512-aaaaaaaaaaaaaaaaaaaaaaaaaaaaaaaaaaaaaaaaaaaaaaaaaaaaaaaaaaaaaaaa, tarball: https://registry.npmjs.org/pkg-0/-/pkg-0-1.0.0.tgz}
    engines: {node: ">=18"}
    dependencies:
      dep-1: 2.0.1
      dep-2: 3.0.2
      dep-3: 1.0.3

  pkg-1@2.0.1:
    resolution: {integrity: sha512-aaaaaaaaaaaaaaaaaaaaaaaaaaaaaaaaaaaaaaaaaaaaaaaaaaaaaaaaaaaaaaaa, tarball: https://registry.npmjs.org/pkg-1/-/pkg-1-2.0.1.tgz}
    engines: {node: ">=18"}
    dependencies:
      dep-2: 3.0.2
      dep-3: 1.0.3
      dep-4: 2.0.4

  pkg-2@3.0.2:
    resolution: {integrity: sha512-aaaaaaaaaaaaaaaaaaaaaaaaaaaaaaaaaaaaaaaaaaaaaaaaaaaaaaaaaaaaaaaa, tarball: https://registry.npmjs.org/pkg-2/-/pkg-2-3.0.2.tgz}
    engines: {node: ">=18"}
    dependencies:
      dep-3: 1.0.3
      dep-4: 2.0.4
      dep-5: 3.0.5

  pkg-3@4.0.3:
    resolution: {integrity: sha512-aaaaaaaaaaaaaaaaaaaaaaaaaaaaaaaaaaaaaaaaaaaaaaaaaaaaaaaaaaaaaaaa, tarball: https://registry.npmjs.org/pkg-3/-/pkg-3-4.0.3.tgz}
    engines: {node: ">=18"}
    dependencies:
      dep-4: 2.0.4
      dep-5: 3.0.5
      dep-6: 1.0.6

  pkg-4@5.0.4:
    resolution: {integrity: sha512-aaaaaaaaaaaaaaaaaaaaaaaaaaaaaaaaaaaaaaaaaaaaaaaaaaaaaaaaaaaaaaaa, tarball: https://registry.npmjs.org/pkg-4/-/pkg-4-5.0.4.tgz}
    engines: {node: ">=18"}
    dependencies:
      dep-5: 3.0.5
      dep-6: 1.0.6
      dep-7: 2.0.7

  pkg-5@1.0.5:
    resolution: {integrity: sha512-aaaaaaaaaaaaaaaaaaaaaaaaaaaaaaaaaaaaaaaaaaaaaaaaaaaaaaaaaaaaaaaa, tarball: https://registry.npmjs.org/pkg-5/-/pkg-5-1.0.5.tgz}
    engines: {node: ">=18"}
    dependencies:
      dep-6: 1.0.6
      dep-7: 2.0.7
      dep-8: 3.0.8

  pkg-6@2.0.6:
    resolution: {integrity: sha512-aaaaaaaaaaaaaaaaaaaaaaaaaaaaaaaaaaaaaaaaaaaaaaaaaaaaaaaaaaaaaaaa, tarball: https://registry.npmjs.org/pkg-6/-/pkg-6-2.0.6.tgz}
    engines: {node: ">=18"}
    dependencies:
      dep-7: 2.0.7
      dep-8: 3.0.8
      dep-9: 1.0.9

  pkg-7@3.0.7:
    resolution: {integrity: sha512-aaaaaaaaaaaaaaaaaaaaaaaaaaaaaaaaaaaaaaaaaaaaaaaaaaaaaaaaaaaaaaaa, tarball: https://registry.npmjs.org/pkg-7/-/pkg-7-3.0.7.tgz}
    engines: {node: ">=18"}
    dependencies:
      dep-8: 3.0.8
      dep-9: 1.0.9
      dep-10: 2.0.0

  pkg-8@4.0.8:
    resolution: {integrity: sha512-aaaaaaaaaaaaaaaaaaaaaaaaaaaaaaaaaaaaaaaaaaaaaaaaaaaaaaaaaaaaaaaa, tarball: https://registry.npmjs.org/pkg-8/-/pkg-8-4.0.8.tgz}
    engines: {node: ">=18"}
    dependencies:
      dep-9: 1.0.9
      dep-10: 2.0.0
      dep-11: 3.0.1

  pkg-9@5.0.9:
    resolution: {integrity: sha512-aaaaaaaaaaaaaaaaaaaaaaaaaaaaaaaaaaaaaaaaaaaaaaaaaaaaaaaaaaaaaaaa, tarball: https://registry.npmjs.org/pkg-9/-/pkg-9-5.0.9.tgz}
    engines: {node: ">=18"}
    dependencies:
      dep-10: 2.0.0
      dep-11: 3.0.1
      dep-12: 1.0.2

  pkg-10@1.0.10:
    resolution: {integrity: sha512-aaaaaaaaaaaaaaaaaaaaaaaaaaaaaaaaaaaaaaaaaaaaaaaaaaaaaaaaaaaaaaaa, tarball: https://registry.npmjs.org/pkg-10/-/pkg-10-1.0.10.tgz}
    engines: {node: ">=18"}
    dependencies:
      dep-11: 3.0.1
      dep-12: 1.0.2
      dep-13: 2.0.3

  pkg-11@2.0.11:
    resolution: {integrity: sha512-aaaaaaaaaaaaaaaaaaaaaaaaaaaaaaaaaaaaaaaaaaaaaaaaaaaaaaaaaaaaaaaa, tarball: https://registry.npmjs.org/pkg-11/-/pkg-11-2.0.11.tgz}
    engines: {node: ">=18"}
    dependencies:
      dep-12: 1.0.2
      dep-13: 2.0.3
      dep-14: 3.0.4

  pkg-12@3.0.12:
    resolution: {integrity: sha512-aaaaaaaaaaaaaaaaaaaaaaaaaaaaaaaaaaaaaaaaaaaaaaaaaaaaaaaaaaaaaaaa, tarball: https://registry.npmjs.org/pkg-12/-/pkg-12-3.0.12.tgz}
    engines: {node: ">=18"}
    dependencies:
      dep-13: 2.0.3
      dep-14: 3.0.4
      dep-15: 1.0.5

  pkg-13@4.0.13:
    resolution: {integrity: sha512-aaaaaaaaaaaaaaaaaaaaaaaaaaaaaaaaaaaaaaaaaaaaaaaaaaaaaaaaaaaaaaaa, tarball: https://registry.npmjs.org/pkg-13/-/pkg-13-4.0.13.tgz}
    engines: {node: ">=18"}
    dependencies:
      dep-14: 3.0.4
      dep-15: 1.0.5
      dep-16: 2.0.6

  pkg-14@5.0.14:
    resolution: {integrity: sha512-aaaaaaaaaaaaaaaaaaaaaaaaaaaaaaaaaaaaaaaaaaaaaaaaaaaaaaaaaaaaaaaa, tarball: https://registry.npmjs.org/pkg-14/-/pkg-14-5.0.14.tgz}
    engines: {node: ">=18"}
    dependencies:
      dep-15: 1.0.5
      dep-16: 2.0.6
      dep-17: 3.0.7

  pkg-15@1.0.15:
    resolution: {integrity: sha512-aaaaaaaaaaaaaaaaaaaaaaaaaaaaaaaaaaaaaaaaaaaaaaaaaaaaaaaaaaaaaaaa, tarball: https://registry.npmjs.org/pkg-15/-/pkg-15-1.0.15.tgz}
    engines: {node: ">=18"}
    dependencies:
      dep-16: 2.0.6
      dep-17: 3.0.7
      dep-18: 1.0.8

  pkg-16@2.0.16:
    resolution: {integrity: sha512-aaaaaaaaaaaaaaaaaaaaaaaaaaaaaaaaaaaaaaaaaaaaaaaaaaaaaaaaaaaaaaaa, tarball: https://registry.npmjs.org/pkg-16/-/pkg-16-2.0.16.tgz}
    engines: {node: ">=18"}
    dependencies:
      dep-17: 3.0.7
      dep-18: 1.0.8
      dep-19: 2.0.9

  pkg-17@3.0.17:
    resolution: {integrity: sha512-aaaaaaaaaaaaaaaaaaaaaaaaaaaaaaaaaaaaaaaaaaaaaaaaaaaaaaaaaaaaaaaa, tarball: https://registry.npmjs.org/pkg-17/-/pkg-17-3.0.17.tgz}
    engines: {node: ">=18"}
    dependencies:
      dep-18: 1.0.8
      dep-19: 2.0.9
      dep-20: 3.0.0

  pkg-18@4.0.18:
    resolution: {integrity: sha512-aaaaaaaaaaaaaaaaaaaaaaaaaaaaaaaaaaaaaaaaaaaaaaaaaaaaaaaaaaaaaaaa, tarball: https://registry.npmjs.org/pkg-18/-/pkg-18-4.0.18.tgz}
    engines: {node: ">=18"}
    dependencies:
      dep-19: 2.0.9
      dep-20: 3.0.0
      dep-21: 1.0.1

  pkg-19@5.0.19:
    resolution: {integrity: sha512-aaaaaaaaaaaaaaaaaaaaaaaaaaaaaaaaaaaaaaaaaaaaaaaaaaaaaaaaaaaaaaaa, tarball: https://registry.npmjs.org/pkg-19/-/pkg-19-5.0.19.tgz}
    engines: {node: ">=18"}
    dependencies:
      dep-20: 3.0.0
      dep-21: 1.0.1
      dep-22: 2.0.2

  pkg-20@1.0.0:
    resolution: {integrity: sha512-aaaaaaaaaaaaaaaaaaaaaaaaaaaaaaaaaaaaaaaaaaaaaaaaaaaaaaaaaaaaaaaa, tarball: https://registry.npmjs.org/pkg-20/-/pkg-20-1.0.0.tgz}
    engines: {node: ">=18"}
    dependencies:
      dep-21: 1.0.1
      dep-22: 2.0.2
      dep-23: 3.0.3

  pkg-21@2.0.1:
    resolution: {integrity: sha512-aaaaaaaaaaaaaaaaaaaaaaaaaaaaaaaaaaaaaaaaaaaaaaaaaaaaaaaaaaaaaaaa, tarball: https://registry.npmjs.org/pkg-21/-/pkg-21-2.0.1.tgz}
    engines: {node: ">=18"}
    dependencies:
      dep-22: 2.0.2
      dep-23: 3.0.3
      dep-24: 1.0.4

  pkg-22@3.0.2:
    resolution: {integrity: sha512-aaaaaaaaaaaaaaaaaaaaaaaaaaaaaaaaaaaaaaaaaaaaaaaaaaaaaaaaaaaaaaaa, tarball: https://registry.npmjs.org/pkg-22/-/pkg-22-3.0.2.tgz}
    engines: {node: ">=18"}
    dependencies:
      dep-23: 3.0.3
      dep-24: 1.0.4
      dep-25: 2.0.5

  pkg-23@4.0.3:
    resolution: {integrity: sha512-aaaaaaaaaaaaaaaaaaaaaaaaaaaaaaaaaaaaaaaaaaaaaaaaaaaaaaaaaaaaaaaa, tarball: https://registry.npmjs.org/pkg-23/-/pkg-23-4.0.3.tgz}
    engines: {node: ">=18"}
    dependencies:
      dep-24: 1.0.4
      dep-25: 2.0.5
      dep-26: 3.0.6

  pkg-24@5.0.4:
    resolution: {integrity: sha512-aaaaaaaaaaaaaaaaaaaaaaaaaaaaaaaaaaaaaaaaaaaaaaaaaaaaaaaaaaaaaaaa, tarball: https://registry.npmjs.org/pkg-24/-/pkg-24-5.0.4.tgz}
    engines: {node: ">=18"}
    dependencies:
      dep-25: 2.0.5
      dep-26: 3.0.6
      dep-27: 1.0.7

  pkg-25@1.0.5:
    resolution: {integrity: sha512-aaaaaaaaaaaaaaaaaaaaaaaaaaaaaaaaaaaaaaaaaaaaaaaaaaaaaaaaaaaaaaaa, tarball: https://registry.npmjs.org/pkg-25/-/pkg-25-1.0.5.tgz}
    engines: {node: ">=18"}
    dependencies:
      dep-26: 3.0.6
      dep-27: 1.0.7
      dep-28: 2.0.8

  pkg-26@2.0.6:
    resolution: {integrity: sha512-aaaaaaaaaaaaaaaaaaaaaaaaaaaaaaaaaaaaaaaaaaaaaaaaaaaaaaaaaaaaaaaa, tarball: https://registry.npmjs.org/pkg-26/-/pkg-26-2.0.6.tgz}
    engines: {node: ">=18"}
    dependencies:
      dep-27: 1.0.7
      dep-28: 2.0.8
      dep-29: 3.0.9

  pkg-27@3.0.7:
    resolution: {integrity: sha512-aaaaaaaaaaaaaaaaaaaaaaaaaaaaaaaaaaaaaaaaaaaaaaaaaaaaaaaaaaaaaaaa, tarball: https://registry.npmjs.org/pkg-27/-/pkg-27-3.0.7.tgz}
    engines: {node: ">=18"}
    dependencies:
      dep-28: 2.0.8
      dep-29: 3.0.9
      dep-30: 1.0.0

  pkg-28@4.0.8:
    resolution: {integrity: sha512-aaaaaaaaaaaaaaaaaaaaaaaaaaaaaaaaaaaaaaaaaaaaaaaaaaaaaaaaaaaaaaaa, tarball: https://registry.npmjs.org/pkg-28/-/pkg-28-4.0.8.tgz}
    engines: {node: ">=18"}
    dependencies:
      dep-29: 3.0.9
      dep-30: 1.0.0
      dep-31: 2.0.1

  pkg-29@5.0.9:
    resolution: {integrity: sha512-aaaaaaaaaaaaaaaaaaaaaaaaaaaaaaaaaaaaaaaaaaaaaaaaaaaaaaaaaaaaaaaa, tarball: https://registry.npmjs.org/pkg-29/-/pkg-29-5.0.9.tgz}
    engines: {node: ">=18"}
    dependencies:
      dep-30: 1.0.0
      dep-31: 2.0.1
      dep-32: 3.0.2

  pkg-30@1.0.10:
    resolution: {integrity: sha512-aaaaaaaaaaaaaaaaaaaaaaaaaaaaaaaaaaaaaaaaaaaaaaaaaaaaaaaaaaaaaaaa, tarball: https://registry.npmjs.org/pkg-30/-/pkg-30-1.0.10.tgz}
    engines: {node: ">=18"}
    dependencies:
      dep-31: 2.0.1
      dep-32: 3.0.2
      dep-33: 1.0.3

  pkg-31@2.0.11:
    resolution: {integrity: sha512-aaaaaaaaaaaaaaaaaaaaaaaaaaaaaaaaaaaaaaaaaaaaaaaaaaaaaaaaaaaaaaaa, tarball: https://registry.npmjs.org/pkg-31/-/pkg-31-2.0.11.tgz}
    engines: {node: ">=18"}
    dependencies:
      dep-32: 3.0.2
      dep-33: 1.0.3
      dep-34: 2.0.4

  pkg-32@3.0.12:
    resolution: {integrity: sha512-aaaaaaaaaaaaaaaaaaaaaaaaaaaaaaaaaaaaaaaaaaaaaaaaaaaaaaaaaaaaaaaa, tarball: https://registry.npmjs.org/pkg-32/-/pkg-32-3.0.12.tgz}
    engines: {node: ">=18"}
    dependencies:
      dep-33: 1.0.3
      dep-34: 2.0.4
      dep-35: 3.0.5

  pkg-33@4.0.13:
    resolution: {integrity: sha512-aaaaaaaaaaaaaaaaaaaaaaaaaaaaaaaaaaaaaaaaaaaaaaaaaaaaaaaaaaaaaaaa, tarball: https://registry.npmjs.org/pkg-33/-/pkg-33-4.0.13.tgz}
    engines: {node: ">=18"}
    dependencies:
      dep-34: 2.0.4
      dep-35: 3.0.5
      dep-36: 1.0.6

  pkg-34@5.0.14:
    resolution: {integrity: sha512-aaaaaaaaaaaaaaaaaaaaaaaaaaaaaaaaaaaaaaaaaaaaaaaaaaaaaaaaaaaaaaaa, tarball: https://registry.npmjs.org/pkg-34/-/pkg-34-5.0.14.tgz}
    engines: {node: ">=18"}
    dependencies:
      dep-35: 3.0.5
      dep-36: 1.0.6
      dep-37: 2.0.7

  pkg-35@1.0.15:
    resolution: {integrity: sha512-aaaaaaaaaaaaaaaaaaaaaaaaaaaaaaaaaaaaaaaaaaaaaaaaaaaaaaaaaaaaaaaa, tarball: https://registry.npmjs.org/pkg-35/-/pkg-35-1.0.15.tgz}
    engines: {node: ">=18"}
    dependencies:
      dep-36: 1.0.6
      dep-37: 2.0.7
      dep-38: 3.0.8

  pkg-36@2.0.16:
    resolution: {integrity: sha512-aaaaaaaaaaaaaaaaaaaaaaaaaaaaaaaaaaaaaaaaaaaaaaaaaaaaaaaaaaaaaaaa, tarball: https://registry.npmjs.org/pkg-36/-/pkg-36-2.0.16.tgz}
    engines: {node: ">=18"}
    dependencies:
      dep-37: 2.0.7
      dep-38: 3.0.8
      dep-39: 1.0.9

  pkg-37@3.0.17:
    resolution: {integrity: sha512-aaaaaaaaaaaaaaaaaaaaaaaaaaaaaaaaaaaaaaaaaaaaaaaaaaaaaaaaaaaaaaaa, tarball: https://registry.npmjs.org/pkg-37/-/pkg-37-3.0.17.tgz}
    engines: {node: ">=18"}
    dependencies:
      dep-38: 3.0.8
      dep-39: 1.0.9
      dep-40: 2.0.0

  pkg-38@4.0.18:
    resolution: {integrity: sha512-aaaaaaaaaaaaaaaaaaaaaaaaaaaaaaaaaaaaaaaaaaaaaaaaaaaaaaaaaaaaaaaa, tarball: https://registry.npmjs.org/pkg-38/-/pkg-38-4.0.18.tgz}
    engines: {node: ">=18"}
    dependencies:
      dep-39: 1.0.9
      dep-40: 2.0.0
      dep-41: 3.0.1

  pkg-39@5.0.19:
    resolution: {integrity: sha512-aaaaaaaaaaaaaaaaaaaaaaaaaaaaaaaaaaaaaaaaaaaaaaaaaaaaaaaaaaaaaaaa, tarball: https://registry.npmjs.org/pkg-39/-/pkg-39-5.0.19.tgz}
    engines: {node: ">=18"}
    dependencies:
      dep-40: 2.0.0
      dep-41: 3.0.1
      dep-42: 1.0.2

  pkg-40@1.0.0:
    resolution: {integrity: sha512-aaaaaaaaaaaaaaaaaaaaaaaaaaaaaaaaaaaaaaaaaaaaaaaaaaaaaaaaaaaaaaaa, tarball: https://registry.npmjs.org/pkg-40/-/pkg-40-1.0.0.tgz}
    engines: {node: ">=18"}
    dependencies:
      dep-41: 3.0.1
      dep-42: 1.0.2
      dep-43: 2.0.3

  pkg-41@2.0.1:
    resolution: {integrity: sha512-aaaaaaaaaaaaaaaaaaaaaaaaaaaaaaaaaaaaaaaaaaaaaaaaaaaaaaaaaaaaaaaa, tarball: https://registry.npmjs.org/pkg-41/-/pkg-41-2.0.1.tgz}
    engines: {node: ">=18"}
    dependencies:
      dep-42: 1.0.2
      dep-43: 2.0.3
      dep-44: 3.0.4

  pkg-42@3.0.2:
    resolution: {integrity: sha512-aaaaaaaaaaaaaaaaaaaaaaaaaaaaaaaaaaaaaaaaaaaaaaaaaaaaaaaaaaaaaaaa, tarball: https://registry.npmjs.org/pkg-42/-/pkg-42-3.0.2.tgz}
    engines: {node: ">=18"}
    dependencies:
      dep-43: 2.0.3
      dep-44: 3.0.4
      dep-45: 1.0.5

  pkg-43@4.0.3:
    resolution: {integrity: sha512-aaaaaaaaaaaaaaaaaaaaaaaaaaaaaaaaaaaaaaaaaaaaaaaaaaaaaaaaaaaaaaaa, tarball: https://registry.npmjs.org/pkg-43/-/pkg-43-4.0.3.tgz}
    engines: {node: ">=18"}
    dependencies:
      dep-44: 3.0.4
      dep-45: 1.0.5
      dep-46: 2.0.6

  pkg-44@5.0.4:
    resolution: {integrity: sha512-aaaaaaaaaaaaaaaaaaaaaaaaaaaaaaaaaaaaaaaaaaaaaaaaaaaaaaaaaaaaaaaa, tarball: https://registry.npmjs.org/pkg-44/-/pkg-44-5.0.4.tgz}
    engines: {node: ">=18"}
    dependencies:
      dep-45: 1.0.5
      dep-46: 2.0.6
      dep-47: 3.0.7

  pkg-45@1.0.5:
    resolution: {integrity: sha512-aaaaaaaaaaaaaaaaaaaaaaaaaaaaaaaaaaaaaaaaaaaaaaaaaaaaaaaaaaaaaaaa, tarball: https://registry.npmjs.org/pkg-45/-/pkg-45-1.0.5.tgz}
    engines: {node: ">=18"}
    dependencies:
      dep-46: 2.0.6
      dep-47: 3.0.7
      dep-48: 1.0.8

  pkg-46@2.0.6:
    resolution: {integrity: sha512-aaaaaaaaaaaaaaaaaaaaaaaaaaaaaaaaaaaaaaaaaaaaaaaaaaaaaaaaaaaaaaaa, tarball: https://registry.npmjs.org/pkg-46/-/pkg-46-2.0.6.tgz}
    engines: {node: ">=18"}
    dependencies:
      dep-47: 3.0.7
      dep-48: 1.0.8
      dep-49: 2.0.9

  pkg-47@3.0.7:
    resolution: {integrity: sha512-aaaaaaaaaaaaaaaaaaaaaaaaaaaaaaaaaaaaaaaaaaaaaaaaaaaaaaaaaaaaaaaa, tarball: https://registry.npmjs.org/pkg-47/-/pkg-47-3.0.7.tgz}
    engines: {node: ">=18"}
    dependencies:
      dep-48: 1.0.8
      dep-49: 2.0.9
      dep-50: 3.0.0

  pkg-48@4.0.8:
    resolution: {integrity: sha512-aaaaaaaaaaaaaaaaaaaaaaaaaaaaaaaaaaaaaaaaaaaaaaaaaaaaaaaaaaaaaaaa, tarball: https://registry.npmjs.org/pkg-48/-/pkg-48-4.0.8.tgz}
    engines: {node: ">=18"}
    dependencies:
      dep-49: 2.0.9
      dep-50: 3.0.0
      dep-51: 1.0.1

  pkg-49@5.0.9:
    resolution: {integrity: sha512-aaaaaaaaaaaaaaaaaaaaaaaaaaaaaaaaaaaaaaaaaaaaaaaaaaaaaaaaaaaaaaaa, tarball: https://registry.npmjs.org/pkg-49/-/pkg-49-5.0.9.tgz}
    engines: {node: ">=18"}
    dependencies:
      dep-50: 3.0.0
      dep-51: 1.0.1
      dep-52: 2.0.2

  pkg-50@1.0.10:
    resolution: {integrity: sha512-aaaaaaaaaaaaaaaaaaaaaaaaaaaaaaaaaaaaaaaaaaaaaaaaaaaaaaaaaaaaaaaa, tarball: https://registry.npmjs.org/pkg-50/-/pkg-50-1.0.10.tgz}
    engines: {node: ">=18"}
    dependencies:
      dep-51: 1.0.1
      dep-52: 2.0.2
      dep-53: 3.0.3

  pkg-51@2.0.11:
    resolution: {integrity: sha512-aaaaaaaaaaaaaaaaaaaaaaaaaaaaaaaaaaaaaaaaaaaaaaaaaaaaaaaaaaaaaaaa, tarball: https://registry.npmjs.org/pkg-51/-/pkg-51-2.0.11.tgz}
    engines: {node: ">=18"}
    dependencies:
      dep-52: 2.0.2
      dep-53: 3.0.3
      dep-54: 1.0.4

  pkg-52@3.0.12:
    resolution: {integrity: sha512-aaaaaaaaaaaaaaaaaaaaaaaaaaaaaaaaaaaaaaaaaaaaaaaaaaaaaaaaaaaaaaaa, tarball: https://registry.npmjs.org/pkg-52/-/pkg-52-3.0.12.tgz}
    engines: {node: ">=18"}
    dependencies:
      dep-53: 3.0.3
      dep-54: 1.0.4
      dep-55: 2.0.5

  pkg-53@4.0.13:
    resolution: {integrity: sha512-aaaaaaaaaaaaaaaaaaaaaaaaaaaaaaaaaaaaaaaaaaaaaaaaaaaaaaaaaaaaaaaa, tarball: https://registry.npmjs.org/pkg-53/-/pkg-53-4.0.13.tgz}
    engines: {node: ">=18"}
    dependencies:
      dep-54: 1.0.4
      dep-55: 2.0.5
      dep-56: 3.0.6

  pkg-54@5.0.14:
    resolution: {integrity: sha512-aaaaaaaaaaaaaaaaaaaaaaaaaaaaaaaaaaaaaaaaaaaaaaaaaaaaaaaaaaaaaaaa, tarball: https://registry.npmjs.org/pkg-54/-/pkg-54-5.0.14.tgz}
    engines: {node: ">=18"}
    dependencies:
      dep-55: 2.0.5
      dep-56: 3.0.6
      dep-57: 1.0.7

  pkg-55@1.0.15:
    resolution: {integrity: sha512-aaaaaaaaaaaaaaaaaaaaaaaaaaaaaaaaaaaaaaaaaaaaaaaaaaaaaaaaaaaaaaaa, tarball: https://registry.npmjs.org/pkg-55/-/pkg-55-1.0.15.tgz}
    engines: {node: ">=18"}
    dependencies:
      dep-56: 3.0.6
      dep-57: 1.0.7
      dep-58: 2.0.8

  pkg-56@2.0.16:
    resolution: {integrity: sha512-aaaaaaaaaaaaaaaaaaaaaaaaaaaaaaaaaaaaaaaaaaaaaaaaaaaaaaaaaaaaaaaa, tarball: https://registry.npmjs.org/pkg-56/-/pkg-56-2.0.16.tgz}
    engines: {node: ">=18"}
    dependencies:
      dep-57: 1.0.7
      dep-58: 2.0.8
      dep-59: 3.0.9

  pkg-57@3.0.17:
    resolution: {integrity: sha512-aaaaaaaaaaaaaaaaaaaaaaaaaaaaaaaaaaaaaaaaaaaaaaaaaaaaaaaaaaaaaaaa, tarball: https://registry.npmjs.org/pkg-57/-/pkg-57-3.0.17.tgz}
    engines: {node: ">=18"}
    dependencies:
      dep-58: 2.0.8
      dep-59: 3.0.9
      dep-60: 1.0.0

  pkg-58@4.0.18:
    resolution: {integrity: sha512-aaaaaaaaaaaaaaaaaaaaaaaaaaaaaaaaaaaaaaaaaaaaaaaaaaaaaaaaaaaaaaaa, tarball: https://registry.npmjs.org/pkg-58/-/pkg-58-4.0.18.tgz}
    engines: {node: ">=18"}
    dependencies:
      dep-59: 3.0.9
      dep-60: 1.0.0
      dep-61: 2.0.1

  pkg-59@5.0.19:
    resolution: {integrity: sha512-aaaaaaaaaaaaaaaaaaaaaaaaaaaaaaaaaaaaaaaaaaaaaaaaaaaaaaaaaaaaaaaa, tarball: https://registry.npmjs.org/pkg-59/-/pkg-59-5.0.19.tgz}
    engines: {node: ">=18"}
    dependencies:
      dep-60: 1.0.0
      dep-61: 2.0.1
      dep-62: 3.0.2

  pkg-60@1.0.0:
    resolution: {integrity: sha512-aaaaaaaaaaaaaaaaaaaaaaaaaaaaaaaaaaaaaaaaaaaaaaaaaaaaaaaaaaaaaaaa, tarball: https://registry.npmjs.org/pkg-60/-/pkg-60-1.0.0.tgz}
    engines: {node: ">=18"}
    dependencies:
      dep-61: 2.0.1
      dep-62: 3.0.2
      dep-63: 1.0.3

  pkg-61@2.0.1:
    resolution: {integrity: sha512-aaaaaaaaaaaaaaaaaaaaaaaaaaaaaaaaaaaaaaaaaaaaaaaaaaaaaaaaaaaaaaaa, tarball: https://registry.npmjs.org/pkg-61/-/pkg-61-2.0.1.tgz}
    engines: {node: ">=18"}
    dependencies:
      dep-62: 3.0.2
      dep-63: 1.0.3
      dep-64: 2.0.4

  pkg-62@3.0.2:
    resolution: {integrity: sha512-aaaaaaaaaaaaaaaaaaaaaaaaaaaaaaaaaaaaaaaaaaaaaaaaaaaaaaaaaaaaaaaa, tarball: https://registry.npmjs.org/pkg-62/-/pkg-62-3.0.2.tgz}
    engines: {node: ">=18"}
    dependencies:
      dep-63: 1.0.3
      dep-64: 2.0.4
      dep-65: 3.0.5

  pkg-63@4.0.3:
    resolution: {integrity: sha512-aaaaaaaaaaaaaaaaaaaaaaaaaaaaaaaaaaaaaaaaaaaaaaaaaaaaaaaaaaaaaaaa, tarball: https://registry.npmjs.org/pkg-63/-/pkg-63-4.0.3.tgz}
    engines: {node: ">=18"}
    dependencies:
      dep-64: 2.0.4
      dep-65: 3.0.5
      dep-66: 1.0.6

  pkg-64@5.0.4:
    resolution: {integrity: sha512-aaaaaaaaaaaaaaaaaaaaaaaaaaaaaaaaaaaaaaaaaaaaaaaaaaaaaaaaaaaaaaaa, tarball: https://registry.npmjs.org/pkg-64/-/pkg-64-5.0.4.tgz}
    engines: {node: ">=18"}
    dependencies:
      dep-65: 3.0.5
      dep-66: 1.0.6
      dep-67: 2.0.7

  pkg-65@1.0.5:
    resolution: {integrity: sha512-aaaaaaaaaaaaaaaaaaaaaaaaaaaaaaaaaaaaaaaaaaaaaaaaaaaaaaaaaaaaaaaa, tarball: https://registry.npmjs.org/pkg-65/-/pkg-65-1.0.5.tgz}
    engines: {node: ">=18"}
    dependencies:
      dep-66: 1.0.6
      dep-67: 2.0.7
      dep-68: 3.0.8

  pkg-66@2.0.6:
    resolution: {integrity: sha512-aaaaaaaaaaaaaaaaaaaaaaaaaaaaaaaaaaaaaaaaaaaaaaaaaaaaaaaaaaaaaaaa, tarball: https://registry.npmjs.org/pkg-66/-/pkg-66-2.0.6.tgz}
    engines: {node: ">=18"}
    dependencies:
      dep-67: 2.0.7
      dep-68: 3.0.8
      dep-69: 1.0.9

  pkg-67@3.0.7:
    resolution: {integrity: sha512-aaaaaaaaaaaaaaaaaaaaaaaaaaaaaaaaaaaaaaaaaaaaaaaaaaaaaaaaaaaaaaaa, tarball: https://registry.npmjs.org/pkg-67/-/pkg-67-3.0.7.tgz}
    engines: {node: ">=18"}
    dependencies:
      dep-68: 3.0.8
      dep-69: 1.0.9
      dep-70: 2.0.0

  pkg-68@4.0.8:
    resolution: {integrity: sha512-aaaaaaaaaaaaaaaaaaaaaaaaaaaaaaaaaaaaaaaaaaaaaaaaaaaaaaaaaaaaaaaa, tarball: https://registry.npmjs.org/pkg-68/-/pkg-68-4.0.8.tgz}
    engines: {node: ">=18"}
    dependencies:
      dep-69: 1.0.9
      dep-70: 2.0.0
      dep-71: 3.0.1

  pkg-69@5.0.9:
    resolution: {integrity: sha512-aaaaaaaaaaaaaaaaaaaaaaaaaaaaaaaaaaaaaaaaaaaaaaaaaaaaaaaaaaaaaaaa, tarball: https://registry.npmjs.org/pkg-69/-/pkg-69-5.0.9.tgz}
    engines: {node: ">=18"}
    dependencies:
      dep-70: 2.0.0
      dep-71: 3.0.1
      dep-72: 1.0.2

  pkg-70@1.0.10:
    resolution: {integrity: sha512-aaaaaaaaaaaaaaaaaaaaaaaaaaaaaaaaaaaaaaaaaaaaaaaaaaaaaaaaaaaaaaaa, tarball: https://registry.npmjs.org/pkg-70/-/pkg-70-1.0.10.tgz}
    engines: {node: ">=18"}
    dependencies:
      dep-71: 3.0.1
      dep-72: 1.0.2
      dep-73: 2.0.3

  pkg-71@2.0.11:
    resolution: {integrity: sha512-aaaaaaaaaaaaaaaaaaaaaaaaaaaaaaaaaaaaaaaaaaaaaaaaaaaaaaaaaaaaaaaa, tarball: https://registry.npmjs.org/pkg-71/-/pkg-71-2.0.11.tgz}
    engines: {node: ">=18"}
    dependencies:
      dep-72: 1.0.2
      dep-73: 2.0.3
      dep-74: 3.0.4

  pkg-72@3.0.12:
    resolution: {integrity: sha512-aaaaaaaaaaaaaaaaaaaaaaaaaaaaaaaaaaaaaaaaaaaaaaaaaaaaaaaaaaaaaaaa, tarball: https://registry.npmjs.org/pkg-72/-/pkg-72-3.0.12.tgz}
    engines: {node: ">=18"}
    dependencies:
      dep-73: 2.0.3
      dep-74: 3.0.4
      dep-75: 1.0.5

  pkg-73@4.0.13:
    resolution: {integrity: sha512-aaaaaaaaaaaaaaaaaaaaaaaaaaaaaaaaaaaaaaaaaaaaaaaaaaaaaaaaaaaaaaaa, tarball: https://registry.npmjs.org/pkg-73/-/pkg-73-4.0.13.tgz}
    engines: {node: ">=18"}
    dependencies:
      dep-74: 3.0.4
      dep-75: 1.0.5
      dep-76: 2.0.6

  pkg-74@5.0.14:
    resolution: {integrity: sha512-aaaaaaaaaaaaaaaaaaaaaaaaaaaaaaaaaaaaaaaaaaaaaaaaaaaaaaaaaaaaaaaa, tarball: https://registry.npmjs.org/pkg-74/-/pkg-74-5.0.14.tgz}
    engines: {node: ">=18"}
    dependencies:
      dep-75: 1.0.5
      dep-76: 2.0.6
      dep-77: 3.0.7

  pkg-75@1.0.15:
    resolution: {integrity: sha512-aaaaaaaaaaaaaaaaaaaaaaaaaaaaaaaaaaaaaaaaaaaaaaaaaaaaaaaaaaaaaaaa, tarball: https://registry.npmjs.org/pkg-75/-/pkg-75-1.0.15.tgz}
    engines: {node: ">=18"}
    dependencies:
      dep-76: 2.0.6
      dep-77: 3.0.7
      dep-78: 1.0.8

  pkg-76@2.0.16:
    resolution: {integrity: sha512-aaaaaaaaaaaaaaaaaaaaaaaaaaaaaaaaaaaaaaaaaaaaaaaaaaaaaaaaaaaaaaaa, tarball: https://registry.npmjs.org/pkg-76/-/pkg-76-2.0.16.tgz}
    engines: {node: ">=18"}
    dependencies:
      dep-77: 3.0.7
      dep-78: 1.0.8
      dep-79: 2.0.9

  pkg-77@3.0.17:
    resolution: {integrity: sha512-aaaaaaaaaaaaaaaaaaaaaaaaaaaaaaaaaaaaaaaaaaaaaaaaaaaaaaaaaaaaaaaa, tarball: https://registry.npmjs.org/pkg-77/-/pkg-77-3.0.17.tgz}
    engines: {node: ">=18"}
    dependencies:
      dep-78: 1.0.8
      dep-79: 2.0.9
      dep-80: 3.0.0

  pkg-78@4.0.18:
    resolution: {integrity: sha512-aaaaaaaaaaaaaaaaaaaaaaaaaaaaaaaaaaaaaaaaaaaaaaaaaaaaaaaaaaaaaaaa, tarball: https://registry.npmjs.org/pkg-78/-/pkg-78-4.0.18.tgz}
    engines: {node: ">=18"}
    dependencies:
      dep-79: 2.0.9
      dep-80: 3.0.0
      dep-81: 1.0.1

  pkg-79@5.0.19:
    resolution: {integrity: sha512-aaaaaaaaaaaaaaaaaaaaaaaaaaaaaaaaaaaaaaaaaaaaaaaaaaaaaaaaaaaaaaaa, tarball: https://registry.npmjs.org/pkg-79/-/pkg-79-5.0.19.tgz}
    engines: {node: ">=18"}
    dependencies:
      dep-80: 3.0.0
      dep-81: 1.0.1
      dep-82: 2.0.2

  pkg-80@1.0.0:
    resolution: {integrity: sha512-aaaaaaaaaaaaaaaaaaaaaaaaaaaaaaaaaaaaaaaaaaaaaaaaaaaaaaaaaaaaaaaa, tarball: https://registry.npmjs.org/pkg-80/-/pkg-80-1.0.0.tgz}
    engines: {node: ">=18"}
    dependencies:
      dep-81: 1.0.1
      dep-82: 2.0.2
      dep-83: 3.0.3

  pkg-81@2.0.1:
    resolution: {integrity: sha512-aaaaaaaaaaaaaaaaaaaaaaaaaaaaaaaaaaaaaaaaaaaaaaaaaaaaaaaaaaaaaaaa, tarball: https://registry.npmjs.org/pkg-81/-/pkg-81-2.0.1.tgz}
    engines: {node: ">=18"}
    dependencies:
      dep-82: 2.0.2
      dep-83: 3.0.3
      dep-84: 1.0.4

  pkg-82@3.0.2:
    resolution: {integrity: sha512-aaaaaaaaaaaaaaaaaaaaaaaaaaaaaaaaaaaaaaaaaaaaaaaaaaaaaaaaaaaaaaaa, tarball: https://registry.npmjs.org/pkg-82/-/pkg-82-3.0.2.tgz}
    engines: {node: ">=18"}
    dependencies:
      dep-83: 3.0.3
      dep-84: 1.0.4
      dep-85: 2.0.5

  pkg-83@4.0.3:
    resolution: {integrity: sha512-aaaaaaaaaaaaaaaaaaaaaaaaaaaaaaaaaaaaaaaaaaaaaaaaaaaaaaaaaaaaaaaa, tarball: https://registry.npmjs.org/pkg-83/-/pkg-83-4.0.3.tgz}
    engines: {node: ">=18"}
    dependencies:
      dep-84: 1.0.4
      dep-85: 2.0.5
      dep-86: 3.0.6

  pkg-84@5.0.4:
    resolution: {integrity: sha512-aaaaaaaaaaaaaaaaaaaaaaaaaaaaaaaaaaaaaaaaaaaaaaaaaaaaaaaaaaaaaaaa, tarball: https://registry.npmjs.org/pkg-84/-/pkg-84-5.0.4.tgz}
    engines: {node: ">=18"}
    dependencies:
      dep-85: 2.0.5
      dep-86: 3.0.6
      dep-87: 1.0.7

  pkg-85@1.0.5:
    resolution: {integrity: sha512-aaaaaaaaaaaaaaaaaaaaaaaaaaaaaaaaaaaaaaaaaaaaaaaaaaaaaaaaaaaaaaaa, tarball: https://registry.npmjs.org/pkg-85/-/pkg-85-1.0.5.tgz}
    engines: {node: ">=18"}
    dependencies:
      dep-86: 3.0.6
      dep-87: 1.0.7
      dep-88: 2.0.8

  pkg-86@2.0.6:
    resolution: {integrity: sha512-aaaaaaaaaaaaaaaaaaaaaaaaaaaaaaaaaaaaaaaaaaaaaaaaaaaaaaaaaaaaaaaa, tarball: https://registry.npmjs.org/pkg-86/-/pkg-86-2.0.6.tgz}
    engines: {node: ">=18"}
    dependencies:
      dep-87: 1.0.7
      dep-88: 2.0.8
      dep-89: 3.0.9

  pkg-87@3.0.7:
    resolution: {integrity: sha512-aaaaaaaaaaaaaaaaaaaaaaaaaaaaaaaaaaaaaaaaaaaaaaaaaaaaaaaaaaaaaaaa, tarball: https://registry.npmjs.org/pkg-87/-/pkg-87-3.0.7.tgz}
    engines: {node: ">=18"}
    dependencies:
      dep-88: 2.0.8
      dep-89: 3.0.9
      dep-90: 1.0.0

  pkg-88@4.0.8:
    resolution: {integrity: sha512-aaaaaaaaaaaaaaaaaaaaaaaaaaaaaaaaaaaaaaaaaaaaaaaaaaaaaaaaaaaaaaaa, tarball: https://registry.npmjs.org/pkg-88/-/pkg-88-4.0.8.tgz}
    engines: {node: ">=18"}
    dependencies:
      dep-89: 3.0.9
      dep-90: 1.0.0
      dep-91: 2.0.1

  pkg-89@5.0.9:
    resolution: {integrity: sha512-aaaaaaaaaaaaaaaaaaaaaaaaaaaaaaaaaaaaaaaaaaaaaaaaaaaaaaaaaaaaaaaa, tarball: https://registry.npmjs.org/pkg-89/-/pkg-89-5.0.9.tgz}
    engines: {node: ">=18"}
    dependencies:
      dep-90: 1.0.0
      dep-91: 2.0.1
      dep-92: 3.0.2

  pkg-90@1.0.10:
    resolution: {integrity: sha512-aaaaaaaaaaaaaaaaaaaaaaaaaaaaaaaaaaaaaaaaaaaaaaaaaaaaaaaaaaaaaaaa, tarball: https://registry.npmjs.org/pkg-90/-/pkg-90-1.0.10.tgz}
    engines: {node: ">=18"}
    dependencies:
      dep-91: 2.0.1
      dep-92: 3.0.2
      dep-93: 1.0.3

  pkg-91@2.0.11:
    resolution: {integrity: sha512-aaaaaaaaaaaaaaaaaaaaaaaaaaaaaaaaaaaaaaaaaaaaaaaaaaaaaaaaaaaaaaaa, tarball: https://registry.npmjs.org/pkg-91/-/pkg-91-2.0.11.tgz}
    engines: {node: ">=18"}
    dependencies:
      dep-92: 3.0.2
      dep-93: 1.0.3
      dep-94: 2.0.4

  pkg-92@3.0.12:
    resolution: {integrity: sha512-aaaaaaaaaaaaaaaaaaaaaaaaaaaaaaaaaaaaaaaaaaaaaaaaaaaaaaaaaaaaaaaa, tarball: https://registry.npmjs.org/pkg-92/-/pkg-92-3.0.12.tgz}
    engines: {node: ">=18"}
    dependencies:
      dep-93: 1.0.3
      dep-94: 2.0.4
      dep-95: 3.0.5

  pkg-93@4.0.13:
    resolution: {integrity: sha512-aaaaaaaaaaaaaaaaaaaaaaaaaaaaaaaaaaaaaaaaaaaaaaaaaaaaaaaaaaaaaaaa, tarball: https://registry.npmjs.org/pkg-93/-/pkg-93-4.0.13.tgz}
    engines: {node: ">=18"}
    dependencies:
      dep-94: 2.0.4
      dep-95: 3.0.5
      dep-96: 1.0.6

  pkg-94@5.0.14:
    resolution: {integrity: sha512-aaaaaaaaaaaaaaaaaaaaaaaaaaaaaaaaaaaaaaaaaaaaaaaaaaaaaaaaaaaaaaaa, tarball: https://registry.npmjs.org/pkg-94/-/pkg-94-5.0.14.tgz}
    engines: {node: ">=18"}
    dependencies:
      dep-95: 3.0.5
      dep-96: 1.0.6
      dep-97: 2.0.7

  pkg-95@1.0.15:
    resolution: {integrity: sha512-aaaaaaaaaaaaaaaaaaaaaaaaaaaaaaaaaaaaaaaaaaaaaaaaaaaaaaaaaaaaaaaa, tarball: https://registry.npmjs.org/pkg-95/-/pkg-95-1.0.15.tgz}
    engines: {node: ">=18"}
    dependencies:
      dep-96: 1.0.6
      dep-97: 2.0.7
      dep-98: 3.0.8

  pkg-96@2.0.16:
    resolution: {integrity: sha512-aaaaaaaaaaaaaaaaaaaaaaaaaaaaaaaaaaaaaaaaaaaaaaaaaaaaaaaaaaaaaaaa, tarball: https://registry.npmjs.org/pkg-96/-/pkg-96-2.0.16.tgz}
    engines: {node: ">=18"}
    dependencies:
      dep-97: 2.0.7
      dep-98: 3.0.8
      dep-99: 1.0.9

  pkg-97@3.0.17:
    resolution: {integrity: sha512-aaaaaaaaaaaaaaaaaaaaaaaaaaaaaaaaaaaaaaaaaaaaaaaaaaaaaaaaaaaaaaaa, tarball: https://registry.npmjs.org/pkg-97/-/pkg-97-3.0.17.tgz}
    engines: {node: ">=18"}
    dependencies:
      dep-98: 3.0.8
      dep-99: 1.0.9
      dep-100: 2.0.0

  pkg-98@4.0.18:
    resolution: {integrity: sha512-aaaaaaaaaaaaaaaaaaaaaaaaaaaaaaaaaaaaaaaaaaaaaaaaaaaaaaaaaaaaaaaa, tarball: https://registry.npmjs.org/pkg-98/-/pkg-98-4.0.18.tgz}
    engines: {node: ">=18"}
    dependencies:
      dep-99: 1.0.9
      dep-100: 2.0.0
      dep-101: 3.0.1

  pkg-99@5.0.19:
    resolution: {integrity: sha512-aaaaaaaaaaaaaaaaaaaaaaaaaaaaaaaaaaaaaaaaaaaaaaaaaaaaaaaaaaaaaaaa, tarball: https://registry.npmjs.org/pkg-99/-/pkg-99-5.0.19.tgz}
    engines: {node: ">=18"}
    dependencies:
      dep-100: 2.0.0
      dep-101: 3.0.1
      dep-102: 1.0.2

  pkg-100@1.0.0:
    resolution: {integrity: sha512-aaaaaaaaaaaaaaaaaaaaaaaaaaaaaaaaaaaaaaaaaaaaaaaaaaaaaaaaaaaaaaaa, tarball: https://registry.npmjs.org/pkg-100/-/pkg-100-1.0.0.tgz}
    engines: {node: ">=18"}
    dependencies:
      dep-101: 3.0.1
      dep-102: 1.0.2
      dep-103: 2.0.3

  pkg-101@2.0.1:
    resolution: {integrity: sha512-aaaaaaaaaaaaaaaaaaaaaaaaaaaaaaaaaaaaaaaaaaaaaaaaaaaaaaaaaaaaaaaa, tarball: https://registry.npmjs.org/pkg-101/-/pkg-101-2.0.1.tgz}
    engines: {node: ">=18"}
    dependencies:
      dep-102: 1.0.2
      dep-103: 2.0.3
      dep-104: 3.0.4

  pkg-102@3.0.2:
    resolution: {integrity: sha512-aaaaaaaaaaaaaaaaaaaaaaaaaaaaaaaaaaaaaaaaaaaaaaaaaaaaaaaaaaaaaaaa, tarball: https://registry.npmjs.org/pkg-102/-/pkg-102-3.0.2.tgz}
    engines: {node: ">=18"}
    dependencies:
      dep-103: 2.0.3
      dep-104: 3.0.4
      dep-105: 1.0.5

  pkg-103@4.0.3:
    resolution: {integrity: sha512-aaaaaaaaaaaaaaaaaaaaaaaaaaaaaaaaaaaaaaaaaaaaaaaaaaaaaaaaaaaaaaaa, tarball: https://registry.npmjs.org/pkg-103/-/pkg-103-4.0.3.tgz}
    engines: {node: ">=18"}
    dependencies:
      dep-104: 3.0.4
      dep-105: 1.0.5
      dep-106: 2.0.6

  pkg-104@5.0.4:
    resolution: {integrity: sha512-aaaaaaaaaaaaaaaaaaaaaaaaaaaaaaaaaaaaaaaaaaaaaaaaaaaaaaaaaaaaaaaa, tarball: https://registry.npmjs.org/pkg-104/-/pkg-104-5.0.4.tgz}
    engines: {node: ">=18"}
    dependencies:
      dep-105: 1.0.5
      dep-106: 2.0.6
      dep-107: 3.0.7

  pkg-105@1.0.5:
    resolution: {integrity: sha512-aaaaaaaaaaaaaaaaaaaaaaaaaaaaaaaaaaaaaaaaaaaaaaaaaaaaaaaaaaaaaaaa, tarball: https://registry.npmjs.org/pkg-105/-/pkg-105-1.0.5.tgz}
    engines: {node: ">=18"}
    dependencies:
      dep-106: 2.0.6
      dep-107: 3.0.7
      dep-108: 1.0.8

  pkg-106@2.0.6:
    resolution: {integrity: sha512-aaaaaaaaaaaaaaaaaaaaaaaaaaaaaaaaaaaaaaaaaaaaaaaaaaaaaaaaaaaaaaaa, tarball: https://registry.npmjs.org/pkg-106/-/pkg-106-2.0.6.tgz}
    engines: {node: ">=18"}
    dependencies:
      dep-107: 3.0.7
      dep-108: 1.0.8
      dep-109: 2.0.9

  pkg-107@3.0.7:
    resolution: {integrity: sha512-aaaaaaaaaaaaaaaaaaaaaaaaaaaaaaaaaaaaaaaaaaaaaaaaaaaaaaaaaaaaaaaa, tarball: https://registry.npmjs.org/pkg-107/-/pkg-107-3.0.7.tgz}
    engines: {node: ">=18"}
    dependencies:
      dep-108: 1.0.8
      dep-109: 2.0.9
      dep-110: 3.0.0

  pkg-108@4.0.8:
    resolution: {integrity: sha512-aaaaaaaaaaaaaaaaaaaaaaaaaaaaaaaaaaaaaaaaaaaaaaaaaaaaaaaaaaaaaaaa, tarball: https://registry.npmjs.org/pkg-108/-/pkg-108-4.0.8.tgz}
    engines: {node: ">=18"}
    dependencies:
      dep-109: 2.0.9
      dep-110: 3.0.0
      dep-111: 1.0.1

  pkg-109@5.0.9:
    resolution: {integrity: sha512-aaaaaaaaaaaaaaaaaaaaaaaaaaaaaaaaaaaaaaaaaaaaaaaaaaaaaaaaaaaaaaaa, tarball: https://registry.npmjs.org/pkg-109/-/pkg-109-5.0.9.tgz}
    engines: {node: ">=18"}
    dependencies:
      dep-110: 3.0.0
      dep-111: 1.0.1
      dep-112: 2.0.2

  pkg-110@1.0.10:
    resolution: {integrity: sha512-aaaaaaaaaaaaaaaaaaaaaaaaaaaaaaaaaaaaaaaaaaaaaaaaaaaaaaaaaaaaaaaa, tarball: https://registry.npmjs.org/pkg-110/-/pkg-110-1.0.10.tgz}
    engines: {node: ">=18"}
    dependencies:
      dep-111: 1.0.1
      dep-112: 2.0.2
      dep-113: 3.0.3

  pkg-111@2.0.11:
    resolution: {integrity: sha512-aaaaaaaaaaaaaaaaaaaaaaaaaaaaaaaaaaaaaaaaaaaaaaaaaaaaaaaaaaaaaaaa, tarball: https://registry.npmjs.org/pkg-111/-/pkg-111-2.0.11.tgz}
    engines: {node: ">=18"}
    dependencies:
      dep-112: 2.0.2
      dep-113: 3.0.3
      dep-114: 1.0.4

  pkg-112@3.0.12:
    resolution: {integrity: sha512-aaaaaaaaaaaaaaaaaaaaaaaaaaaaaaaaaaaaaaaaaaaaaaaaaaaaaaaaaaaaaaaa, tarball: https://registry.npmjs.org/pkg-112/-/pkg-112-3.0.12.tgz}
    engines: {node: ">=18"}
    dependencies:
      dep-113: 3.0.3
      dep-114: 1.0.4
      dep-115: 2.0.5

  pkg-113@4.0.13:
    resolution: {integrity: sha512-aaaaaaaaaaaaaaaaaaaaaaaaaaaaaaaaaaaaaaaaaaaaaaaaaaaaaaaaaaaaaaaa, tarball: https://registry.npmjs.org/pkg-113/-/pkg-113-4.0.13.tgz}
    engines: {node: ">=18"}
    dependencies:
      dep-114: 1.0.4
      dep-115: 2.0.5
      dep-116: 3.0.6

  pkg-114@5.0.14:
    resolution: {integrity: sha512-aaaaaaaaaaaaaaaaaaaaaaaaaaaaaaaaaaaaaaaaaaaaaaaaaaaaaaaaaaaaaaaa, tarball: https://registry.npmjs.org/pkg-114/-/pkg-114-5.0.14.tgz}
    engines: {node: ">=18"}
    dependencies:
      dep-115: 2.0.5
      dep-116: 3.0.6
      dep-117: 1.0.7

  pkg-115@1.0.15:
    resolution: {integrity: sha512-aaaaaaaaaaaaaaaaaaaaaaaaaaaaaaaaaaaaaaaaaaaaaaaaaaaaaaaaaaaaaaaa, tarball: https://registry.npmjs.org/pkg-115/-/pkg-115-1.0.15.tgz}
    engines: {node: ">=18"}
    dependencies:
      dep-116: 3.0.6
      dep-117: 1.0.7
      dep-118: 2.0.8

  pkg-116@2.0.16:
    resolution: {integrity: sha512-aaaaaaaaaaaaaaaaaaaaaaaaaaaaaaaaaaaaaaaaaaaaaaaaaaaaaaaaaaaaaaaa, tarball: https://registry.npmjs.org/pkg-116/-/pkg-116-2.0.16.tgz}
    engines: {node: ">=18"}
    dependencies:
      dep-117: 1.0.7
      dep-118: 2.0.8
      dep-119: 3.0.9

  pkg-117@3.0.17:
    resolution: {integrity: sha512-aaaaaaaaaaaaaaaaaaaaaaaaaaaaaaaaaaaaaaaaaaaaaaaaaaaaaaaaaaaaaaaa, tarball: https://registry.npmjs.org/pkg-117/-/pkg-117-3.0.17.tgz}
    engines: {node: ">=18"}
    dependencies:
      dep-118: 2.0.8
      dep-119: 3.0.9
      dep-0: 1.0.0

  pkg-118@4.0.18:
    resolution: {integrity: sha512-aaaaaaaaaaaaaaaaaaaaaaaaaaaaaaaaaaaaaaaaaaaaaaaaaaaaaaaaaaaaaaaa, tarball: https://registry.npmjs.org/pkg-118/-/pkg-118-4.0.18.tgz}
    engines: {node: ">=18"}
    dependencies:
      dep-119: 3.0.9
      dep-0: 1.0.0
      dep-1: 2.0.1

  pkg-119@5.0.19:
    resolution: {integrity: sha512-aaaaaaaaaaaaaaaaaaaaaaaaaaaaaaaaaaaaaaaaaaaaaaaaaaaaaaaaaaaaaaaa, tarball: https://registry.npmjs.org/pkg-119/-/pkg-119-5.0.19.tgz}
    engines: {node: ">=18"}
    dependencies:
      dep-0: 1.0.0
      dep-1: 2.0.1
      dep-2: 3.0.2
